<?xml version="1.0" encoding="utf-8"?>
<Project ToolsVersion="4.0" xmlns="http://schemas.microsoft.com/developer/msbuild/2003">
  <ItemGroup>
    <Filter Include="源文件">
      <UniqueIdentifier>{4FC737F1-C7A5-4376-A066-2A32D752A2FF}</UniqueIdentifier>
      <Extensions>cpp;c;cc;cxx;def;odl;idl;hpj;bat;asm;asmx</Extensions>
    </Filter>
    <Filter Include="头文件">
      <UniqueIdentifier>{93995380-89BD-4b04-88EB-625FBE52EBFB}</UniqueIdentifier>
      <Extensions>h;hh;hpp;hxx;hm;inl;inc;ipp;xsd</Extensions>
    </Filter>
    <Filter Include="资源文件">
      <UniqueIdentifier>{67DA6AB6-F800-4c08-8B7A-83BB121AAD01}</UniqueIdentifier>
      <Extensions>rc;ico;cur;bmp;dlg;rc2;rct;bin;rgs;gif;jpg;jpeg;jpe;resx;tiff;tif;png;wav;mfcribbon-ms</Extensions>
    </Filter>
    <Filter Include="cache">
      <UniqueIdentifier>{b39e78b5-5f7c-4d10-930e-63cd8af26e8e}</UniqueIdentifier>
    </Filter>
    <Filter Include="glog">
      <UniqueIdentifier>{d0635571-6d63-4bad-802e-7b843cbd9a56}</UniqueIdentifier>
    </Filter>
    <Filter Include="gflags">
      <UniqueIdentifier>{2c6bf068-94cc-45f9-8989-1b63565c798c}</UniqueIdentifier>
    </Filter>
    <Filter Include="common">
      <UniqueIdentifier>{8ebfdb4c-ed1e-4141-9050-e50560b1762e}</UniqueIdentifier>
    </Filter>
    <Filter Include="cJSON">
      <UniqueIdentifier>{cbbca99f-bb26-4c7c-be7d-260e298714dc}</UniqueIdentifier>
    </Filter>
  </ItemGroup>
  <ItemGroup>
    <ClInclude Include="pch.h">
      <Filter>头文件</Filter>
    </ClInclude>
    <ClInclude Include="Cache.h">
      <Filter>cache</Filter>
    </ClInclude>
    <ClInclude Include="TaskQueue.h">
      <Filter>头文件</Filter>
    </ClInclude>
    <ClInclude Include="SingleFlight.h">
      <Filter>头文件</Filter>
    </ClInclude>
    <ClInclude Include="glog\glog\logging.h">
      <Filter>glog</Filter>
    </ClInclude>
    <ClInclude Include="glog\glog\raw_logging.h">
      <Filter>glog</Filter>
    </ClInclude>
    <ClInclude Include="glog\glog\stl_logging.h">
      <Filter>glog</Filter>
    </ClInclude>
    <ClInclude Include="glog\glog\vlog_is_on.h">
      <Filter>glog</Filter>
    </ClInclude>
    <ClInclude Include="gflags\gflags\defines.h">
      <Filter>gflags</Filter>
    </ClInclude>
    <ClInclude Include="gflags\gflags\gflags.h">
      <Filter>gflags</Filter>
    </ClInclude>
    <ClInclude Include="gflags\gflags\gflags_completions.h">
      <Filter>gflags</Filter>
    </ClInclude>
    <ClInclude Include="gflags\gflags\gflags_declare.h">
      <Filter>gflags</Filter>
    </ClInclude>
    <ClInclude Include="gflags\gflags\gflags_gflags.h">
      <Filter>gflags</Filter>
    </ClInclude>
    <ClInclude Include="Defer.h">
      <Filter>common</Filter>
    </ClInclude>
    <ClInclude Include="Ticker.h">
      <Filter>common</Filter>
    </ClInclude>
    <ClInclude Include="SignalHandler.h">
      <Filter>头文件</Filter>
    </ClInclude>
    <ClInclude Include="cJSON\cJSON.h">
      <Filter>cJSON</Filter>
    </ClInclude>
    <ClInclude Include="cJSON\cJSON_Utils.h">
      <Filter>cJSON</Filter>
    </ClInclude>
    <ClInclude Include="Ldb.h">
      <Filter>头文件</Filter>
    </ClInclude>
  </ItemGroup>
  <ItemGroup>
    <ClCompile Include="pch.cpp">
      <Filter>源文件</Filter>
    </ClCompile>
    <ClCompile Include="ConsoleApplication2.cpp">
      <Filter>源文件</Filter>
    </ClCompile>
    <ClCompile Include="Cache.cpp">
      <Filter>cache</Filter>
    </ClCompile>
    <ClCompile Include="TaskQueue.cpp">
      <Filter>源文件</Filter>
    </ClCompile>
    <ClCompile Include="SingleFlight.cpp">
      <Filter>源文件</Filter>
    </ClCompile>
    <ClCompile Include="Ticker.cpp">
      <Filter>common</Filter>
    </ClCompile>
    <ClCompile Include="SignalHandler.cpp">
      <Filter>源文件</Filter>
    </ClCompile>
    <ClCompile Include="cJSON\cJSON.c">
      <Filter>cJSON</Filter>
    </ClCompile>
    <ClCompile Include="cJSON\cJSON_Utils.c">
      <Filter>cJSON</Filter>
    </ClCompile>
  </ItemGroup>
</Project>